version: 2.0
shards:
  ameba:
    git: https://github.com/crystal-ameba/ameba.git
    version: 1.7.0-dev+git.commit.a753933e6c8becc93883766b6696414cf49a1469

  crimage:
    git: https://github.com/naqvis/crimage.git
    version: 1.0.4+git.commit.b65f67df27f4cb8807a34d94a90dfd4162acf45a

  lexbor:
    git: https://github.com/kostya/lexbor.git
    version: 3.6.0

  sanitize:
    git: https://github.com/straight-shoota/sanitize.git
    version: 0.1.0+git.commit.c17d933fed22c6d3d615cca91a895166414389af

